
Microsoft Visual Studio Solution File, Format Version 12.00
# Visual Studio Version 16
VisualStudioVersion = 25.0.1703.2
MinimumVisualStudioVersion = 10.0.40219.1
Project("{FAE04EC0-301F-11D3-BF4B-00C04F79EFBC}") = "CreditSafeTest", "CreditSafeTest\CreditSafeTest.csproj", "{3BB170E3-F34C-4EA7-9217-421883AB5FE4}"
EndProject
Global
	GlobalSection(SolutionConfigurationPlatforms) = preSolution
		Debug|Any CPU = Debug|Any CPU
		Release|Any CPU = Release|Any CPU
	EndGlobalSection
	GlobalSection(ProjectConfigurationPlatforms) = postSolution
		{3BB170E3-F34C-4EA7-9217-421883AB5FE4}.Debug|Any CPU.ActiveCfg = Debug|Any CPU
		{3BB170E3-F34C-4EA7-9217-421883AB5FE4}.Debug|Any CPU.Build.0 = Debug|Any CPU
		{3BB170E3-F34C-4EA7-9217-421883AB5FE4}.Release|Any CPU.ActiveCfg = Release|Any CPU
		{3BB170E3-F34C-4EA7-9217-421883AB5FE4}.Release|Any CPU.Build.0 = Release|Any CPU
	EndGlobalSection
	GlobalSection(SolutionProperties) = preSolution
		HideSolutionNode = FALSE
	EndGlobalSection
	GlobalSection(ExtensibilityGlobals) = postSolution
		SolutionGuid = {DDC8EC9E-4E71-4943-BC1A-8D67C24A78BF}
	EndGlobalSection
EndGlobal
